
Microsoft Visual Studio Solution File, Format Version 12.00
# Visual Studio 2012
Project("{FAE04EC0-301F-11D3-BF4B-00C04F79EFBC}") = "practica", "practica\practica.csproj", "{828D4605-4166-4A81-9E15-8DA1712CDE71}"
EndProject
Global
	GlobalSection(SolutionConfigurationPlatforms) = preSolution
		Debug|Any CPU = Debug|Any CPU
		Release|Any CPU = Release|Any CPU
	EndGlobalSection
	GlobalSection(ProjectConfigurationPlatforms) = postSolution
		{828D4605-4166-4A81-9E15-8DA1712CDE71}.Debug|Any CPU.ActiveCfg = Debug|Any CPU
		{828D4605-4166-4A81-9E15-8DA1712CDE71}.Debug|Any CPU.Build.0 = Debug|Any CPU
		{828D4605-4166-4A81-9E15-8DA1712CDE71}.Release|Any CPU.ActiveCfg = Release|Any CPU
		{828D4605-4166-4A81-9E15-8DA1712CDE71}.Release|Any CPU.Build.0 = Release|Any CPU
	EndGlobalSection
	GlobalSection(SolutionProperties) = preSolution
		HideSolutionNode = FALSE
	EndGlobalSection
EndGlobal
